// !$*UTF8*$!
{
	archiveVersion = 1;
	classes = {
	};
	objectVersion = 46;
	objects = {

/* Begin PBXBuildFile section */
		0207DA581B56EA530066E2B4 /* Images.xcassets in Resources */ = {isa = PBXBuildFile; fileRef = 0207DA571B56EA530066E2B4 /* Images.xcassets */; };
		191E6E48D0BC4FC99126B112 /* appbeep.wav in Resources */ = {isa = PBXBuildFile; fileRef = 593E8B06E39D4DCB93104FEB /* appbeep.wav */; };
		1CB6241656554A3E930053F5 /* UIImage+CropScaleOrientation.m in Sources */ = {isa = PBXBuildFile; fileRef = 1940F5F48F694DB2867B15D5 /* UIImage+CropScaleOrientation.m */; };
		1D3623260D0F684500981E51 /* AppDelegate.m in Sources */ = {isa = PBXBuildFile; fileRef = 1D3623250D0F684500981E51 /* AppDelegate.m */; };
		1D60589B0D05DD56006BFB54 /* main.m in Sources */ = {isa = PBXBuildFile; fileRef = 29B97316FDCFA39411CA2CEA /* main.m */; };
		1F49CC07AD2243DBA0BB7843 /* APPLocalNotificationOptions.ios9.m in Sources */ = {isa = PBXBuildFile; fileRef = 611920726F7B465480E4ED5E /* APPLocalNotificationOptions.ios9.m */; };
		253194C4541A47808DBE7CD6 /* libz.tbd in Frameworks */ = {isa = PBXBuildFile; fileRef = C48FCBE55A844F6BA9D93B4A /* libz.tbd */; };
		28C43BD0F9A5403C8017BBD3 /* CDVPlugin+APPAppEvent.m in Sources */ = {isa = PBXBuildFile; fileRef = 8854031845D846029F81BABF /* CDVPlugin+APPAppEvent.m */; };
		2AD82D29B251447883952DB3 /* CoreLocation.framework in Frameworks */ = {isa = PBXBuildFile; fileRef = F35566BAC9F64A40B7FB2A4C /* CoreLocation.framework */; };
		2C61E8C4179748D288B68CE0 /* UNUserNotificationCenter+APPLocalNotification.m in Sources */ = {isa = PBXBuildFile; fileRef = 07367F6C3D0F4BC691F68B44 /* UNUserNotificationCenter+APPLocalNotification.m */; };
		2EBD7679627C4AC48F2A5F74 /* APPBadge.m in Sources */ = {isa = PBXBuildFile; fileRef = 71C079C294E84678BD585D84 /* APPBadge.m */; };
		301BF552109A68D80062928A /* libCordova.a in Frameworks */ = {isa = PBXBuildFile; fileRef = 301BF535109A57CC0062928A /* libCordova.a */; };
		302D95F114D2391D003F00A1 /* MainViewController.m in Sources */ = {isa = PBXBuildFile; fileRef = 302D95EF14D2391D003F00A1 /* MainViewController.m */; };
		302D95F214D2391D003F00A1 /* MainViewController.xib in Resources */ = {isa = PBXBuildFile; fileRef = 302D95F014D2391D003F00A1 /* MainViewController.xib */; };
		4CC2EB42904F4E19A6CD1EA2 /* CDVJpegHeaderWriter.m in Sources */ = {isa = PBXBuildFile; fileRef = F4890893FF6643C6BB371A95 /* CDVJpegHeaderWriter.m */; };
		50086C5B64C64CA89D773925 /* UILocalNotification+APPLocalNotification.ios9.m in Sources */ = {isa = PBXBuildFile; fileRef = 9158AAFDD4554C9FB0BA3BEC /* UILocalNotification+APPLocalNotification.ios9.m */; };
		50C6270637244065A68D66EC /* ImageIO.framework in Frameworks */ = {isa = PBXBuildFile; fileRef = F9056FA83B584ACFB2E5A130 /* ImageIO.framework */; settings = {ATTRIBUTES = (Weak, ); }; };
		53122D899D9F4C9D9C894216 /* CDVFile.m in Sources */ = {isa = PBXBuildFile; fileRef = 6B60DDDDA0E5498C8E109F69 /* CDVFile.m */; };
		5584AF0DF70044E5861A81EA /* APPBackgroundMode.m in Sources */ = {isa = PBXBuildFile; fileRef = 31407DF9EBF54236B132B51D /* APPBackgroundMode.m */; };
		5DA2F86980124CA4BB741209 /* APPLocalNotification.m in Sources */ = {isa = PBXBuildFile; fileRef = 66E8AE25E9B347AC8D8C1D3A /* APPLocalNotification.m */; };
		5DDB6602EB1F4605BE7546B8 /* CDVNotification.bundle in Resources */ = {isa = PBXBuildFile; fileRef = 54E4F3DEA9104E49B9F8405C /* CDVNotification.bundle */; };
		5FAE7BC73AA0406AA9D040CB /* AudioToolbox.framework in Frameworks */ = {isa = PBXBuildFile; fileRef = EC623C6A4F2E4FBCA6078E90 /* AudioToolbox.framework */; settings = {ATTRIBUTES = (Weak, ); }; };
		686BEE72697F47E0A5B49915 /* CDVCamera.m in Sources */ = {isa = PBXBuildFile; fileRef = 8F8C9096A87B4951AF307F97 /* CDVCamera.m */; };
		68D2C4770A4E424DAFCFC6F6 /* APPMethodMagic.m in Sources */ = {isa = PBXBuildFile; fileRef = 16764C213FC94569B1F54EFF /* APPMethodMagic.m */; };
		6AFF5BF91D6E424B00AB3073 /* CDVLaunchScreen.storyboard in Resources */ = {isa = PBXBuildFile; fileRef = 6AFF5BF81D6E424B00AB3073 /* CDVLaunchScreen.storyboard */; };
		6C21B779FFE6406C9B544293 /* NSString+URLEncoding.m in Sources */ = {isa = PBXBuildFile; fileRef = 6BA3C8E4AB224FEDB4669EDA /* NSString+URLEncoding.m */; };
		71B2846DBA9F440EBD724469 /* UNMutableNotificationContent+APPLocalNotification.m in Sources */ = {isa = PBXBuildFile; fileRef = 84798B6B48D44D819AD71E67 /* UNMutableNotificationContent+APPLocalNotification.m */; };
		7593B6248ACA478CBC1930DB /* CDVCapture.bundle in Resources */ = {isa = PBXBuildFile; fileRef = 33CF158D274E44EFB3CAB803 /* CDVCapture.bundle */; };
		84A0AC7ADF8D4365A5A1B5A5 /* MessageUI.framework in Frameworks */ = {isa = PBXBuildFile; fileRef = CC14F0F2052846F7B1EA2226 /* MessageUI.framework */; settings = {ATTRIBUTES = (Weak, ); }; };
		8A2ADBD9907E485CB40A95F3 /* CDVTTS.m in Sources */ = {isa = PBXBuildFile; fileRef = B08E4BA483F44938926F9C45 /* CDVTTS.m */; };
		8F819185E34A410D9057B164 /* UIApplication+APPBadge.m in Sources */ = {isa = PBXBuildFile; fileRef = 9DF64CD177D5431EB185620E /* UIApplication+APPBadge.m */; };
		9232280C0F8A4F70AF676CD7 /* Base64ImageSaverPlugin.m in Sources */ = {isa = PBXBuildFile; fileRef = 8435BD2F0529454A86BB825E /* Base64ImageSaverPlugin.m */; settings = {COMPILER_FLAGS = "-fno-objc-arc"; }; };
		A738A981161C4922A1ACC3C4 /* AudioRecorderAPI.m in Sources */ = {isa = PBXBuildFile; fileRef = DFE420ECE9774EB29247A548 /* AudioRecorderAPI.m */; };
		AA04D811850649DFA774D32D /* Social.framework in Frameworks */ = {isa = PBXBuildFile; fileRef = E41FBDA4C80B44BD995EEB88 /* Social.framework */; settings = {ATTRIBUTES = (Weak, ); }; };
		AE0E8CA9EBD0492CA40A9113 /* CDVStatusBar.m in Sources */ = {isa = PBXBuildFile; fileRef = A99BD8775BE54B90AEB57213 /* CDVStatusBar.m */; };
		AE571860936449259ED51237 /* AVFoundation.framework in Frameworks */ = {isa = PBXBuildFile; fileRef = D65606B422FD4A489E6BD3EA /* AVFoundation.framework */; };
		BCBFF4294FD94C079D324191 /* APPLocalNotificationOptions.m in Sources */ = {isa = PBXBuildFile; fileRef = 00A4363F07B746D59CEC5715 /* APPLocalNotificationOptions.m */; };
		C15A00EE6202468F8063EA10 /* UIApplication+APPLocalNotification.ios9.m in Sources */ = {isa = PBXBuildFile; fileRef = 2CA5D8D2378443E2BC42B6FF /* UIApplication+APPLocalNotification.ios9.m */; };
		C4DD4CD4F2514966BDE98733 /* AppDelegate+APPAppEvent.m in Sources */ = {isa = PBXBuildFile; fileRef = 3AE9A5B283EA4D07A5E4851E /* AppDelegate+APPAppEvent.m */; };
		C7002C978F044053AF0D5D69 /* CDVSplashScreen.m in Sources */ = {isa = PBXBuildFile; fileRef = FD4236E6A410472695034310 /* CDVSplashScreen.m */; };
		CA85D56F15F34AB0B0C68CD9 /* CDVAssetLibraryFilesystem.m in Sources */ = {isa = PBXBuildFile; fileRef = 637D416E501A400ABC9E962A /* CDVAssetLibraryFilesystem.m */; };
		CDA3ED00A539443BBFF3F00B /* CDVCapture.m in Sources */ = {isa = PBXBuildFile; fileRef = 5A6DC2AD1EF54870AB14DC2D /* CDVCapture.m */; };
		DB840173087C423EA61C395C /* CDVViewController+SplashScreen.m in Sources */ = {isa = PBXBuildFile; fileRef = 60661251583D4DA3BDC2E23F /* CDVViewController+SplashScreen.m */; };
		E0F8646BDE784D73A6C0197F /* CDVLocalFilesystem.m in Sources */ = {isa = PBXBuildFile; fileRef = 010AF82FC2AE4735B1349922 /* CDVLocalFilesystem.m */; };
		F5B2E22712764EE18236CABB /* CDVNotification.m in Sources */ = {isa = PBXBuildFile; fileRef = 95221910D7C34976A9954AD6 /* CDVNotification.m */; };
		FA45A9EC34F64E0A9A0B5957 /* UserNotifications.framework in Frameworks */ = {isa = PBXBuildFile; fileRef = D4D7940724834C42B6E6929D /* UserNotifications.framework */; };
		FDA0F62C2B1C4622BFF22CCF /* CDVDevice.m in Sources */ = {isa = PBXBuildFile; fileRef = 3C1A40759E914CE58B146DCB /* CDVDevice.m */; };
		FDAC0A146B9D4E6291AF7DA2 /* SocialSharing.m in Sources */ = {isa = PBXBuildFile; fileRef = 7636723BFB2441A5AA941B77 /* SocialSharing.m */; };
		FF63B80A4D384E408271A203 /* UNNotificationRequest+APPLocalNotification.m in Sources */ = {isa = PBXBuildFile; fileRef = 474B76F32E024E3BA8DF87FE /* UNNotificationRequest+APPLocalNotification.m */; };
/* End PBXBuildFile section */

/* Begin PBXContainerItemProxy section */
		301BF534109A57CC0062928A /* PBXContainerItemProxy */ = {
			isa = PBXContainerItemProxy;
			containerPortal = 301BF52D109A57CC0062928A /* CordovaLib/CordovaLib.xcodeproj */;
			proxyType = 2;
			remoteGlobalIDString = D2AAC07E0554694100DB518D;
			remoteInfo = CordovaLib;
		};
		301BF550109A68C00062928A /* PBXContainerItemProxy */ = {
			isa = PBXContainerItemProxy;
			containerPortal = 301BF52D109A57CC0062928A /* CordovaLib/CordovaLib.xcodeproj */;
			proxyType = 1;
			remoteGlobalIDString = D2AAC07D0554694100DB518D;
			remoteInfo = CordovaLib;
		};
		A766AD721FC4565900622A64 /* PBXContainerItemProxy */ = {
			isa = PBXContainerItemProxy;
			containerPortal = 301BF52D109A57CC0062928A /* CordovaLib/CordovaLib.xcodeproj */;
			proxyType = 2;
			remoteGlobalIDString = C0C01EB21E3911D50056E6CB;
			remoteInfo = Cordova;
		};
/* End PBXContainerItemProxy section */

/* Begin PBXFileReference section */
		00A4363F07B746D59CEC5715 /* APPLocalNotificationOptions.m */ = {isa = PBXFileReference; explicitFileType = undefined; fileEncoding = 4; includeInIndex = 0; lastKnownFileType = sourcecode.c.objc; name = APPLocalNotificationOptions.m; path = "de.appplant.cordova.plugin.local-notification/APPLocalNotificationOptions.m"; sourceTree = "<group>"; };
		010AF82FC2AE4735B1349922 /* CDVLocalFilesystem.m */ = {isa = PBXFileReference; explicitFileType = undefined; fileEncoding = 4; includeInIndex = 0; lastKnownFileType = sourcecode.c.objc; name = CDVLocalFilesystem.m; path = "cordova-plugin-file/CDVLocalFilesystem.m"; sourceTree = "<group>"; };
		01719A91D54E4B58BB97E6B1 /* CDVPlugin+APPAppEvent.h */ = {isa = PBXFileReference; explicitFileType = undefined; fileEncoding = 4; includeInIndex = 0; lastKnownFileType = sourcecode.c.h; name = "CDVPlugin+APPAppEvent.h"; path = "cordova-plugin-app-event/CDVPlugin+APPAppEvent.h"; sourceTree = "<group>"; };
		0207DA571B56EA530066E2B4 /* Images.xcassets */ = {isa = PBXFileReference; lastKnownFileType = folder.assetcatalog; name = Images.xcassets; path = AppKwonDo/Images.xcassets; sourceTree = SOURCE_ROOT; };
		031ABC29D09C482A8316D134 /* APPMethodMagic.h */ = {isa = PBXFileReference; explicitFileType = undefined; fileEncoding = 4; includeInIndex = 0; lastKnownFileType = sourcecode.c.h; name = APPMethodMagic.h; path = "cordova-plugin-background-mode/APPMethodMagic.h"; sourceTree = "<group>"; };
		037F53371323440B855678DD /* UNNotificationRequest+APPLocalNotification.h */ = {isa = PBXFileReference; explicitFileType = undefined; fileEncoding = 4; includeInIndex = 0; lastKnownFileType = sourcecode.c.h; name = "UNNotificationRequest+APPLocalNotification.h"; path = "de.appplant.cordova.plugin.local-notification/UNNotificationRequest+APPLocalNotification.h"; sourceTree = "<group>"; };
		07367F6C3D0F4BC691F68B44 /* UNUserNotificationCenter+APPLocalNotification.m */ = {isa = PBXFileReference; explicitFileType = undefined; fileEncoding = 4; includeInIndex = 0; lastKnownFileType = sourcecode.c.objc; name = "UNUserNotificationCenter+APPLocalNotification.m"; path = "de.appplant.cordova.plugin.local-notification/UNUserNotificationCenter+APPLocalNotification.m"; sourceTree = "<group>"; };
		16764C213FC94569B1F54EFF /* APPMethodMagic.m */ = {isa = PBXFileReference; explicitFileType = undefined; fileEncoding = 4; includeInIndex = 0; lastKnownFileType = sourcecode.c.objc; name = APPMethodMagic.m; path = "cordova-plugin-background-mode/APPMethodMagic.m"; sourceTree = "<group>"; };
		1676C575E5F44B83B3A47325 /* Base64ImageSaverPlugin.h */ = {isa = PBXFileReference; explicitFileType = undefined; fileEncoding = 4; includeInIndex = 0; lastKnownFileType = sourcecode.c.h; name = Base64ImageSaverPlugin.h; path = org.solderzzc.base64imagesaverplugin/Base64ImageSaverPlugin.h; sourceTree = "<group>"; };
		176C472F73A54253862EB895 /* UNMutableNotificationContent+APPLocalNotification.h */ = {isa = PBXFileReference; explicitFileType = undefined; fileEncoding = 4; includeInIndex = 0; lastKnownFileType = sourcecode.c.h; name = "UNMutableNotificationContent+APPLocalNotification.h"; path = "de.appplant.cordova.plugin.local-notification/UNMutableNotificationContent+APPLocalNotification.h"; sourceTree = "<group>"; };
		1940F5F48F694DB2867B15D5 /* UIImage+CropScaleOrientation.m */ = {isa = PBXFileReference; explicitFileType = undefined; fileEncoding = 4; includeInIndex = 0; lastKnownFileType = sourcecode.c.objc; name = "UIImage+CropScaleOrientation.m"; path = "cordova-plugin-camera/UIImage+CropScaleOrientation.m"; sourceTree = "<group>"; };
		1CC2BC75B31D4289B77C026C /* AudioRecorderAPI.h */ = {isa = PBXFileReference; explicitFileType = undefined; fileEncoding = 4; includeInIndex = 0; lastKnownFileType = sourcecode.c.h; name = AudioRecorderAPI.h; path = "cordova-plugin-audio-recorder-api/AudioRecorderAPI.h"; sourceTree = "<group>"; };
		1D3623240D0F684500981E51 /* AppDelegate.h */ = {isa = PBXFileReference; fileEncoding = 4; lastKnownFileType = sourcecode.c.h; path = AppDelegate.h; sourceTree = "<group>"; };
		1D3623250D0F684500981E51 /* AppDelegate.m */ = {isa = PBXFileReference; fileEncoding = 4; lastKnownFileType = sourcecode.c.objc; path = AppDelegate.m; sourceTree = "<group>"; };
		1D6058910D05DD3D006BFB54 /* AppKwonDo.app */ = {isa = PBXFileReference; explicitFileType = wrapper.application; includeInIndex = 0; path = AppKwonDo.app; sourceTree = BUILT_PRODUCTS_DIR; };
		29B97316FDCFA39411CA2CEA /* main.m */ = {isa = PBXFileReference; fileEncoding = 4; lastKnownFileType = sourcecode.c.objc; path = main.m; sourceTree = "<group>"; };
		2BB75F80F30A413BA8C8D15E /* CDVDevice.h */ = {isa = PBXFileReference; explicitFileType = undefined; fileEncoding = 4; includeInIndex = 0; lastKnownFileType = sourcecode.c.h; name = CDVDevice.h; path = "cordova-plugin-device/CDVDevice.h"; sourceTree = "<group>"; };
		2CA5D8D2378443E2BC42B6FF /* UIApplication+APPLocalNotification.ios9.m */ = {isa = PBXFileReference; explicitFileType = undefined; fileEncoding = 4; includeInIndex = 0; lastKnownFileType = sourcecode.c.objc; name = "UIApplication+APPLocalNotification.ios9.m"; path = "de.appplant.cordova.plugin.local-notification/UIApplication+APPLocalNotification.ios9.m"; sourceTree = "<group>"; };
		301BF52D109A57CC0062928A /* CordovaLib/CordovaLib.xcodeproj */ = {isa = PBXFileReference; lastKnownFileType = "wrapper.pb-project"; path = CordovaLib/CordovaLib.xcodeproj; sourceTree = "<group>"; };
		301BF56E109A69640062928A /* www */ = {isa = PBXFileReference; lastKnownFileType = folder; path = www; sourceTree = SOURCE_ROOT; };
		302D95EE14D2391D003F00A1 /* MainViewController.h */ = {isa = PBXFileReference; fileEncoding = 4; lastKnownFileType = sourcecode.c.h; path = MainViewController.h; sourceTree = "<group>"; };
		302D95EF14D2391D003F00A1 /* MainViewController.m */ = {isa = PBXFileReference; fileEncoding = 4; lastKnownFileType = sourcecode.c.objc; path = MainViewController.m; sourceTree = "<group>"; };
		302D95F014D2391D003F00A1 /* MainViewController.xib */ = {isa = PBXFileReference; fileEncoding = 4; lastKnownFileType = file.xib; path = MainViewController.xib; sourceTree = "<group>"; };
		3047A50F1AB8059700498E2A /* build-debug.xcconfig */ = {isa = PBXFileReference; fileEncoding = 4; lastKnownFileType = text.xcconfig; name = "build-debug.xcconfig"; path = "cordova/build-debug.xcconfig"; sourceTree = SOURCE_ROOT; };
		3047A5101AB8059700498E2A /* build-release.xcconfig */ = {isa = PBXFileReference; fileEncoding = 4; lastKnownFileType = text.xcconfig; name = "build-release.xcconfig"; path = "cordova/build-release.xcconfig"; sourceTree = SOURCE_ROOT; };
		3047A5111AB8059700498E2A /* build.xcconfig */ = {isa = PBXFileReference; fileEncoding = 4; lastKnownFileType = text.xcconfig; name = build.xcconfig; path = cordova/build.xcconfig; sourceTree = SOURCE_ROOT; };
		30B73C7E1CB34C7682A99EEF /* APPAppEventDelegate.h */ = {isa = PBXFileReference; explicitFileType = undefined; fileEncoding = 4; includeInIndex = 0; lastKnownFileType = sourcecode.c.h; name = APPAppEventDelegate.h; path = "cordova-plugin-app-event/APPAppEventDelegate.h"; sourceTree = "<group>"; };
		31407DF9EBF54236B132B51D /* APPBackgroundMode.m */ = {isa = PBXFileReference; explicitFileType = undefined; fileEncoding = 4; includeInIndex = 0; lastKnownFileType = sourcecode.c.objc; name = APPBackgroundMode.m; path = "cordova-plugin-background-mode/APPBackgroundMode.m"; sourceTree = "<group>"; };
		31AD2DAF754340E69C05060F /* CDVViewController+SplashScreen.h */ = {isa = PBXFileReference; explicitFileType = undefined; fileEncoding = 4; includeInIndex = 0; lastKnownFileType = sourcecode.c.h; name = "CDVViewController+SplashScreen.h"; path = "cordova-plugin-splashscreen/CDVViewController+SplashScreen.h"; sourceTree = "<group>"; };
		32CA4F630368D1EE00C91783 /* AppKwonDo-Prefix.pch */ = {isa = PBXFileReference; fileEncoding = 4; lastKnownFileType = sourcecode.c.h; path = "AppKwonDo-Prefix.pch"; sourceTree = "<group>"; };
		33CF158D274E44EFB3CAB803 /* CDVCapture.bundle */ = {isa = PBXFileReference; explicitFileType = undefined; fileEncoding = 9; includeInIndex = 0; lastKnownFileType = "wrapper.plug-in"; path = CDVCapture.bundle; sourceTree = "<group>"; };
		36CF405619134B4CB12958B9 /* UNUserNotificationCenter+APPLocalNotification.h */ = {isa = PBXFileReference; explicitFileType = undefined; fileEncoding = 4; includeInIndex = 0; lastKnownFileType = sourcecode.c.h; name = "UNUserNotificationCenter+APPLocalNotification.h"; path = "de.appplant.cordova.plugin.local-notification/UNUserNotificationCenter+APPLocalNotification.h"; sourceTree = "<group>"; };
		3AE9A5B283EA4D07A5E4851E /* AppDelegate+APPAppEvent.m */ = {isa = PBXFileReference; explicitFileType = undefined; fileEncoding = 4; includeInIndex = 0; lastKnownFileType = sourcecode.c.objc; name = "AppDelegate+APPAppEvent.m"; path = "cordova-plugin-app-event/AppDelegate+APPAppEvent.m"; sourceTree = "<group>"; };
		3C1A40759E914CE58B146DCB /* CDVDevice.m */ = {isa = PBXFileReference; explicitFileType = undefined; fileEncoding = 4; includeInIndex = 0; lastKnownFileType = sourcecode.c.objc; name = CDVDevice.m; path = "cordova-plugin-device/CDVDevice.m"; sourceTree = "<group>"; };
		436EDAAA92D94D9FB479EC1E /* CDVCamera.h */ = {isa = PBXFileReference; explicitFileType = undefined; fileEncoding = 4; includeInIndex = 0; lastKnownFileType = sourcecode.c.h; name = CDVCamera.h; path = "cordova-plugin-camera/CDVCamera.h"; sourceTree = "<group>"; };
		474B76F32E024E3BA8DF87FE /* UNNotificationRequest+APPLocalNotification.m */ = {isa = PBXFileReference; explicitFileType = undefined; fileEncoding = 4; includeInIndex = 0; lastKnownFileType = sourcecode.c.objc; name = "UNNotificationRequest+APPLocalNotification.m"; path = "de.appplant.cordova.plugin.local-notification/UNNotificationRequest+APPLocalNotification.m"; sourceTree = "<group>"; };
		526FA80E1E084A03B8B06BC5 /* APPLocalNotificationOptions.ios9.h */ = {isa = PBXFileReference; explicitFileType = undefined; fileEncoding = 4; includeInIndex = 0; lastKnownFileType = sourcecode.c.h; name = APPLocalNotificationOptions.ios9.h; path = "de.appplant.cordova.plugin.local-notification/APPLocalNotificationOptions.ios9.h"; sourceTree = "<group>"; };
		54E4F3DEA9104E49B9F8405C /* CDVNotification.bundle */ = {isa = PBXFileReference; explicitFileType = undefined; fileEncoding = 9; includeInIndex = 0; lastKnownFileType = "wrapper.plug-in"; path = CDVNotification.bundle; sourceTree = "<group>"; };
		593E8B06E39D4DCB93104FEB /* appbeep.wav */ = {isa = PBXFileReference; explicitFileType = undefined; fileEncoding = 9; includeInIndex = 0; lastKnownFileType = unknown; path = appbeep.wav; sourceTree = "<group>"; };
		5A6DC2AD1EF54870AB14DC2D /* CDVCapture.m */ = {isa = PBXFileReference; explicitFileType = undefined; fileEncoding = 4; includeInIndex = 0; lastKnownFileType = sourcecode.c.objc; name = CDVCapture.m; path = "cordova-plugin-media-capture/CDVCapture.m"; sourceTree = "<group>"; };
		5F8A62756FB5454BBFA68B5E /* CDVLocalFilesystem.h */ = {isa = PBXFileReference; explicitFileType = undefined; fileEncoding = 4; includeInIndex = 0; lastKnownFileType = sourcecode.c.h; name = CDVLocalFilesystem.h; path = "cordova-plugin-file/CDVLocalFilesystem.h"; sourceTree = "<group>"; };
		60661251583D4DA3BDC2E23F /* CDVViewController+SplashScreen.m */ = {isa = PBXFileReference; explicitFileType = undefined; fileEncoding = 4; includeInIndex = 0; lastKnownFileType = sourcecode.c.objc; name = "CDVViewController+SplashScreen.m"; path = "cordova-plugin-splashscreen/CDVViewController+SplashScreen.m"; sourceTree = "<group>"; };
		611920726F7B465480E4ED5E /* APPLocalNotificationOptions.ios9.m */ = {isa = PBXFileReference; explicitFileType = undefined; fileEncoding = 4; includeInIndex = 0; lastKnownFileType = sourcecode.c.objc; name = APPLocalNotificationOptions.ios9.m; path = "de.appplant.cordova.plugin.local-notification/APPLocalNotificationOptions.ios9.m"; sourceTree = "<group>"; };
		6341636E437A42C88178C5A1 /* UIApplication+APPLocalNotification.ios9.h */ = {isa = PBXFileReference; explicitFileType = undefined; fileEncoding = 4; includeInIndex = 0; lastKnownFileType = sourcecode.c.h; name = "UIApplication+APPLocalNotification.ios9.h"; path = "de.appplant.cordova.plugin.local-notification/UIApplication+APPLocalNotification.ios9.h"; sourceTree = "<group>"; };
		637D416E501A400ABC9E962A /* CDVAssetLibraryFilesystem.m */ = {isa = PBXFileReference; explicitFileType = undefined; fileEncoding = 4; includeInIndex = 0; lastKnownFileType = sourcecode.c.objc; name = CDVAssetLibraryFilesystem.m; path = "cordova-plugin-file/CDVAssetLibraryFilesystem.m"; sourceTree = "<group>"; };
		66E8AE25E9B347AC8D8C1D3A /* APPLocalNotification.m */ = {isa = PBXFileReference; explicitFileType = undefined; fileEncoding = 4; includeInIndex = 0; lastKnownFileType = sourcecode.c.objc; name = APPLocalNotification.m; path = "de.appplant.cordova.plugin.local-notification/APPLocalNotification.m"; sourceTree = "<group>"; };
		6760B5FD222E44638FEDD973 /* CDVJpegHeaderWriter.h */ = {isa = PBXFileReference; explicitFileType = undefined; fileEncoding = 4; includeInIndex = 0; lastKnownFileType = sourcecode.c.h; name = CDVJpegHeaderWriter.h; path = "cordova-plugin-camera/CDVJpegHeaderWriter.h"; sourceTree = "<group>"; };
		6AFF5BF81D6E424B00AB3073 /* CDVLaunchScreen.storyboard */ = {isa = PBXFileReference; fileEncoding = 4; lastKnownFileType = file.storyboard; name = CDVLaunchScreen.storyboard; path = AppKwonDo/CDVLaunchScreen.storyboard; sourceTree = SOURCE_ROOT; };
		6B60DDDDA0E5498C8E109F69 /* CDVFile.m */ = {isa = PBXFileReference; explicitFileType = undefined; fileEncoding = 4; includeInIndex = 0; lastKnownFileType = sourcecode.c.objc; name = CDVFile.m; path = "cordova-plugin-file/CDVFile.m"; sourceTree = "<group>"; };
		6BA3C8E4AB224FEDB4669EDA /* NSString+URLEncoding.m */ = {isa = PBXFileReference; explicitFileType = undefined; fileEncoding = 4; includeInIndex = 0; lastKnownFileType = sourcecode.c.objc; name = "NSString+URLEncoding.m"; path = "cordova-plugin-x-socialsharing/NSString+URLEncoding.m"; sourceTree = "<group>"; };
		70A1C12490FF438787B66618 /* UILocalNotification+APPLocalNotification.ios9.h */ = {isa = PBXFileReference; explicitFileType = undefined; fileEncoding = 4; includeInIndex = 0; lastKnownFileType = sourcecode.c.h; name = "UILocalNotification+APPLocalNotification.ios9.h"; path = "de.appplant.cordova.plugin.local-notification/UILocalNotification+APPLocalNotification.ios9.h"; sourceTree = "<group>"; };
		71C079C294E84678BD585D84 /* APPBadge.m */ = {isa = PBXFileReference; explicitFileType = undefined; fileEncoding = 4; includeInIndex = 0; lastKnownFileType = sourcecode.c.objc; name = APPBadge.m; path = "cordova-plugin-badge/APPBadge.m"; sourceTree = "<group>"; };
		7636723BFB2441A5AA941B77 /* SocialSharing.m */ = {isa = PBXFileReference; explicitFileType = undefined; fileEncoding = 4; includeInIndex = 0; lastKnownFileType = sourcecode.c.objc; name = SocialSharing.m; path = "cordova-plugin-x-socialsharing/SocialSharing.m"; sourceTree = "<group>"; };
		76A7FA8684044223826BA085 /* CDVAssetLibraryFilesystem.h */ = {isa = PBXFileReference; explicitFileType = undefined; fileEncoding = 4; includeInIndex = 0; lastKnownFileType = sourcecode.c.h; name = CDVAssetLibraryFilesystem.h; path = "cordova-plugin-file/CDVAssetLibraryFilesystem.h"; sourceTree = "<group>"; };
		8435BD2F0529454A86BB825E /* Base64ImageSaverPlugin.m */ = {isa = PBXFileReference; explicitFileType = undefined; fileEncoding = 4; includeInIndex = 0; lastKnownFileType = sourcecode.c.objc; name = Base64ImageSaverPlugin.m; path = org.solderzzc.base64imagesaverplugin/Base64ImageSaverPlugin.m; sourceTree = "<group>"; };
		84798B6B48D44D819AD71E67 /* UNMutableNotificationContent+APPLocalNotification.m */ = {isa = PBXFileReference; explicitFileType = undefined; fileEncoding = 4; includeInIndex = 0; lastKnownFileType = sourcecode.c.objc; name = "UNMutableNotificationContent+APPLocalNotification.m"; path = "de.appplant.cordova.plugin.local-notification/UNMutableNotificationContent+APPLocalNotification.m"; sourceTree = "<group>"; };
		87B26857044B47ABB9DD47E5 /* CDVCapture.h */ = {isa = PBXFileReference; explicitFileType = undefined; fileEncoding = 4; includeInIndex = 0; lastKnownFileType = sourcecode.c.h; name = CDVCapture.h; path = "cordova-plugin-media-capture/CDVCapture.h"; sourceTree = "<group>"; };
		8854031845D846029F81BABF /* CDVPlugin+APPAppEvent.m */ = {isa = PBXFileReference; explicitFileType = undefined; fileEncoding = 4; includeInIndex = 0; lastKnownFileType = sourcecode.c.objc; name = "CDVPlugin+APPAppEvent.m"; path = "cordova-plugin-app-event/CDVPlugin+APPAppEvent.m"; sourceTree = "<group>"; };
		8D1107310486CEB800E47090 /* AppKwonDo-Info.plist */ = {isa = PBXFileReference; fileEncoding = 4; lastKnownFileType = text.plist.xml; name = "AppKwonDo-Info.plist"; path = "AppKwonDo/AppKwonDo-Info.plist"; plistStructureDefinitionIdentifier = "com.apple.xcode.plist.structure-definition.iphone.info-plist"; sourceTree = SOURCE_ROOT; };
		8DFD3ACDA5034EECB9669EDB /* APPBadge.h */ = {isa = PBXFileReference; explicitFileType = undefined; fileEncoding = 4; includeInIndex = 0; lastKnownFileType = sourcecode.c.h; name = APPBadge.h; path = "cordova-plugin-badge/APPBadge.h"; sourceTree = "<group>"; };
		8F8C9096A87B4951AF307F97 /* CDVCamera.m */ = {isa = PBXFileReference; explicitFileType = undefined; fileEncoding = 4; includeInIndex = 0; lastKnownFileType = sourcecode.c.objc; name = CDVCamera.m; path = "cordova-plugin-camera/CDVCamera.m"; sourceTree = "<group>"; };
		9158AAFDD4554C9FB0BA3BEC /* UILocalNotification+APPLocalNotification.ios9.m */ = {isa = PBXFileReference; explicitFileType = undefined; fileEncoding = 4; includeInIndex = 0; lastKnownFileType = sourcecode.c.objc; name = "UILocalNotification+APPLocalNotification.ios9.m"; path = "de.appplant.cordova.plugin.local-notification/UILocalNotification+APPLocalNotification.ios9.m"; sourceTree = "<group>"; };
		93FE14FA72E849FD8E83238D /* CDVNotification.h */ = {isa = PBXFileReference; explicitFileType = undefined; fileEncoding = 4; includeInIndex = 0; lastKnownFileType = sourcecode.c.h; name = CDVNotification.h; path = "cordova-plugin-dialogs/CDVNotification.h"; sourceTree = "<group>"; };
		95221910D7C34976A9954AD6 /* CDVNotification.m */ = {isa = PBXFileReference; explicitFileType = undefined; fileEncoding = 4; includeInIndex = 0; lastKnownFileType = sourcecode.c.objc; name = CDVNotification.m; path = "cordova-plugin-dialogs/CDVNotification.m"; sourceTree = "<group>"; };
		9DF64CD177D5431EB185620E /* UIApplication+APPBadge.m */ = {isa = PBXFileReference; explicitFileType = undefined; fileEncoding = 4; includeInIndex = 0; lastKnownFileType = sourcecode.c.objc; name = "UIApplication+APPBadge.m"; path = "cordova-plugin-badge/UIApplication+APPBadge.m"; sourceTree = "<group>"; };
		A99BD8775BE54B90AEB57213 /* CDVStatusBar.m */ = {isa = PBXFileReference; explicitFileType = undefined; fileEncoding = 4; includeInIndex = 0; lastKnownFileType = sourcecode.c.objc; name = CDVStatusBar.m; path = "cordova-plugin-statusbar/CDVStatusBar.m"; sourceTree = "<group>"; };
		AE2ABD2936C74C00B05B3C12 /* UIApplication+APPBadge.h */ = {isa = PBXFileReference; explicitFileType = undefined; fileEncoding = 4; includeInIndex = 0; lastKnownFileType = sourcecode.c.h; name = "UIApplication+APPBadge.h"; path = "cordova-plugin-badge/UIApplication+APPBadge.h"; sourceTree = "<group>"; };
		B08E4BA483F44938926F9C45 /* CDVTTS.m */ = {isa = PBXFileReference; explicitFileType = undefined; fileEncoding = 4; includeInIndex = 0; lastKnownFileType = sourcecode.c.objc; name = CDVTTS.m; path = "cordova-plugin-tts/CDVTTS.m"; sourceTree = "<group>"; };
		B228E7D19B954334A5327E84 /* CDVTTS.h */ = {isa = PBXFileReference; explicitFileType = undefined; fileEncoding = 4; includeInIndex = 0; lastKnownFileType = sourcecode.c.h; name = CDVTTS.h; path = "cordova-plugin-tts/CDVTTS.h"; sourceTree = "<group>"; };
		B916899293B44443911AC837 /* APPBackgroundMode.h */ = {isa = PBXFileReference; explicitFileType = undefined; fileEncoding = 4; includeInIndex = 0; lastKnownFileType = sourcecode.c.h; name = APPBackgroundMode.h; path = "cordova-plugin-background-mode/APPBackgroundMode.h"; sourceTree = "<group>"; };
		BA5FE881D01B479990CAB061 /* NSString+URLEncoding.h */ = {isa = PBXFileReference; explicitFileType = undefined; fileEncoding = 4; includeInIndex = 0; lastKnownFileType = sourcecode.c.h; name = "NSString+URLEncoding.h"; path = "cordova-plugin-x-socialsharing/NSString+URLEncoding.h"; sourceTree = "<group>"; };
		BB6791FC8BD548D9B2C21BBB /* APPLocalNotificationOptions.h */ = {isa = PBXFileReference; explicitFileType = undefined; fileEncoding = 4; includeInIndex = 0; lastKnownFileType = sourcecode.c.h; name = APPLocalNotificationOptions.h; path = "de.appplant.cordova.plugin.local-notification/APPLocalNotificationOptions.h"; sourceTree = "<group>"; };
		C48FCBE55A844F6BA9D93B4A /* libz.tbd */ = {isa = PBXFileReference; explicitFileType = undefined; fileEncoding = 9; includeInIndex = 0; lastKnownFileType = "sourcecode.text-based-dylib-definition"; name = libz.tbd; path = usr/lib/libz.tbd; sourceTree = SDKROOT; };
		CA32C444C9414F9D8D9A3D5E /* CDVFile.h */ = {isa = PBXFileReference; explicitFileType = undefined; fileEncoding = 4; includeInIndex = 0; lastKnownFileType = sourcecode.c.h; name = CDVFile.h; path = "cordova-plugin-file/CDVFile.h"; sourceTree = "<group>"; };
		CC14F0F2052846F7B1EA2226 /* MessageUI.framework */ = {isa = PBXFileReference; explicitFileType = undefined; fileEncoding = 9; includeInIndex = 0; lastKnownFileType = wrapper.framework; name = MessageUI.framework; path = System/Library/Frameworks/MessageUI.framework; sourceTree = SDKROOT; };
		CCD97EAA64F94223903FF0D3 /* CDVSplashScreen.h */ = {isa = PBXFileReference; explicitFileType = undefined; fileEncoding = 4; includeInIndex = 0; lastKnownFileType = sourcecode.c.h; name = CDVSplashScreen.h; path = "cordova-plugin-splashscreen/CDVSplashScreen.h"; sourceTree = "<group>"; };
		D1472806DAD34ACC91DF3BEF /* CDVStatusBar.h */ = {isa = PBXFileReference; explicitFileType = undefined; fileEncoding = 4; includeInIndex = 0; lastKnownFileType = sourcecode.c.h; name = CDVStatusBar.h; path = "cordova-plugin-statusbar/CDVStatusBar.h"; sourceTree = "<group>"; };
		D29CC2264FBB4B5288773187 /* AppDelegate+APPAppEvent.h */ = {isa = PBXFileReference; explicitFileType = undefined; fileEncoding = 4; includeInIndex = 0; lastKnownFileType = sourcecode.c.h; name = "AppDelegate+APPAppEvent.h"; path = "cordova-plugin-app-event/AppDelegate+APPAppEvent.h"; sourceTree = "<group>"; };
		D4D7940724834C42B6E6929D /* UserNotifications.framework */ = {isa = PBXFileReference; explicitFileType = undefined; fileEncoding = 9; includeInIndex = 0; lastKnownFileType = wrapper.framework; name = UserNotifications.framework; path = System/Library/Frameworks/UserNotifications.framework; sourceTree = SDKROOT; };
		D65606B422FD4A489E6BD3EA /* AVFoundation.framework */ = {isa = PBXFileReference; explicitFileType = undefined; fileEncoding = 9; includeInIndex = 0; lastKnownFileType = wrapper.framework; name = AVFoundation.framework; path = System/Library/Frameworks/AVFoundation.framework; sourceTree = SDKROOT; };
		DE8EFCF95EC14286944DB4C5 /* CDVExif.h */ = {isa = PBXFileReference; explicitFileType = undefined; fileEncoding = 4; includeInIndex = 0; lastKnownFileType = sourcecode.c.h; name = CDVExif.h; path = "cordova-plugin-camera/CDVExif.h"; sourceTree = "<group>"; };
		DFE420ECE9774EB29247A548 /* AudioRecorderAPI.m */ = {isa = PBXFileReference; explicitFileType = undefined; fileEncoding = 4; includeInIndex = 0; lastKnownFileType = sourcecode.c.objc; name = AudioRecorderAPI.m; path = "cordova-plugin-audio-recorder-api/AudioRecorderAPI.m"; sourceTree = "<group>"; };
		E1D7E0284BC04FBFAD690460 /* APPLocalNotification.h */ = {isa = PBXFileReference; explicitFileType = undefined; fileEncoding = 4; includeInIndex = 0; lastKnownFileType = sourcecode.c.h; name = APPLocalNotification.h; path = "de.appplant.cordova.plugin.local-notification/APPLocalNotification.h"; sourceTree = "<group>"; };
		E41FBDA4C80B44BD995EEB88 /* Social.framework */ = {isa = PBXFileReference; explicitFileType = undefined; fileEncoding = 9; includeInIndex = 0; lastKnownFileType = wrapper.framework; name = Social.framework; path = System/Library/Frameworks/Social.framework; sourceTree = SDKROOT; };
		E538D9A366C2454184D96E65 /* UIImage+CropScaleOrientation.h */ = {isa = PBXFileReference; explicitFileType = undefined; fileEncoding = 4; includeInIndex = 0; lastKnownFileType = sourcecode.c.h; name = "UIImage+CropScaleOrientation.h"; path = "cordova-plugin-camera/UIImage+CropScaleOrientation.h"; sourceTree = "<group>"; };
		EAA890EBCF0044FBB1E0C707 /* SocialSharing.h */ = {isa = PBXFileReference; explicitFileType = undefined; fileEncoding = 4; includeInIndex = 0; lastKnownFileType = sourcecode.c.h; name = SocialSharing.h; path = "cordova-plugin-x-socialsharing/SocialSharing.h"; sourceTree = "<group>"; };
		EB87FDF31871DA8E0020F90C /* www */ = {isa = PBXFileReference; lastKnownFileType = folder; name = www; path = ../../www; sourceTree = "<group>"; };
		EB87FDF41871DAF40020F90C /* config.xml */ = {isa = PBXFileReference; lastKnownFileType = text.xml; name = config.xml; path = ../../config.xml; sourceTree = "<group>"; };
		EC623C6A4F2E4FBCA6078E90 /* AudioToolbox.framework */ = {isa = PBXFileReference; explicitFileType = undefined; fileEncoding = 9; includeInIndex = 0; lastKnownFileType = wrapper.framework; name = AudioToolbox.framework; path = System/Library/Frameworks/AudioToolbox.framework; sourceTree = SDKROOT; };
		ED33DF2A687741AEAF9F8254 /* Bridging-Header.h */ = {isa = PBXFileReference; fileEncoding = 4; lastKnownFileType = sourcecode.c.h; path = "Bridging-Header.h"; sourceTree = "<group>"; };
		F35566BAC9F64A40B7FB2A4C /* CoreLocation.framework */ = {isa = PBXFileReference; explicitFileType = undefined; fileEncoding = 9; includeInIndex = 0; lastKnownFileType = wrapper.framework; name = CoreLocation.framework; path = System/Library/Frameworks/CoreLocation.framework; sourceTree = SDKROOT; };
		F4890893FF6643C6BB371A95 /* CDVJpegHeaderWriter.m */ = {isa = PBXFileReference; explicitFileType = undefined; fileEncoding = 4; includeInIndex = 0; lastKnownFileType = sourcecode.c.objc; name = CDVJpegHeaderWriter.m; path = "cordova-plugin-camera/CDVJpegHeaderWriter.m"; sourceTree = "<group>"; };
		F840E1F0165FE0F500CFE078 /* config.xml */ = {isa = PBXFileReference; lastKnownFileType = text.xml; name = config.xml; path = AppKwonDo/config.xml; sourceTree = "<group>"; };
		F9056FA83B584ACFB2E5A130 /* ImageIO.framework */ = {isa = PBXFileReference; explicitFileType = undefined; fileEncoding = 9; includeInIndex = 0; lastKnownFileType = wrapper.framework; name = ImageIO.framework; path = System/Library/Frameworks/ImageIO.framework; sourceTree = SDKROOT; };
		FD4236E6A410472695034310 /* CDVSplashScreen.m */ = {isa = PBXFileReference; explicitFileType = undefined; fileEncoding = 4; includeInIndex = 0; lastKnownFileType = sourcecode.c.objc; name = CDVSplashScreen.m; path = "cordova-plugin-splashscreen/CDVSplashScreen.m"; sourceTree = "<group>"; };
/* End PBXFileReference section */

/* Begin PBXFrameworksBuildPhase section */
		1D60588F0D05DD3D006BFB54 /* Frameworks */ = {
			isa = PBXFrameworksBuildPhase;
			buildActionMask = 2147483647;
			files = (
				301BF552109A68D80062928A /* libCordova.a in Frameworks */,
				253194C4541A47808DBE7CD6 /* libz.tbd in Frameworks */,
				50C6270637244065A68D66EC /* ImageIO.framework in Frameworks */,
				2AD82D29B251447883952DB3 /* CoreLocation.framework in Frameworks */,
				AE571860936449259ED51237 /* AVFoundation.framework in Frameworks */,
				5FAE7BC73AA0406AA9D040CB /* AudioToolbox.framework in Frameworks */,
				AA04D811850649DFA774D32D /* Social.framework in Frameworks */,
				84A0AC7ADF8D4365A5A1B5A5 /* MessageUI.framework in Frameworks */,
				FA45A9EC34F64E0A9A0B5957 /* UserNotifications.framework in Frameworks */,
			);
			runOnlyForDeploymentPostprocessing = 0;
		};
/* End PBXFrameworksBuildPhase section */

/* Begin PBXGroup section */
		080E96DDFE201D6D7F000001 /* Classes */ = {
			isa = PBXGroup;
			children = (
				302D95EE14D2391D003F00A1 /* MainViewController.h */,
				302D95EF14D2391D003F00A1 /* MainViewController.m */,
				302D95F014D2391D003F00A1 /* MainViewController.xib */,
				1D3623240D0F684500981E51 /* AppDelegate.h */,
				1D3623250D0F684500981E51 /* AppDelegate.m */,
			);
			name = Classes;
			path = AppKwonDo/Classes;
			sourceTree = SOURCE_ROOT;
		};
		19C28FACFE9D520D11CA2CBB /* Products */ = {
			isa = PBXGroup;
			children = (
				1D6058910D05DD3D006BFB54 /* AppKwonDo.app */,
			);
			name = Products;
			sourceTree = "<group>";
		};
		29B97314FDCFA39411CA2CEA /* CustomTemplate */ = {
			isa = PBXGroup;
			children = (
				EB87FDF41871DAF40020F90C /* config.xml */,
				EB87FDF31871DA8E0020F90C /* www */,
				EB87FDF11871DA420020F90C /* Staging */,
				301BF52D109A57CC0062928A /* CordovaLib/CordovaLib.xcodeproj */,
				080E96DDFE201D6D7F000001 /* Classes */,
				307C750510C5A3420062BCA9 /* Plugins */,
				29B97315FDCFA39411CA2CEA /* Other Sources */,
				29B97317FDCFA39411CA2CEA /* Resources */,
				29B97323FDCFA39411CA2CEA /* Frameworks */,
				19C28FACFE9D520D11CA2CBB /* Products */,
			);
			name = CustomTemplate;
			sourceTree = "<group>";
		};
		29B97315FDCFA39411CA2CEA /* Other Sources */ = {
			isa = PBXGroup;
			children = (
				32CA4F630368D1EE00C91783 /* AppKwonDo-Prefix.pch */,
				29B97316FDCFA39411CA2CEA /* main.m */,
				ED33DF2A687741AEAF9F8254 /* Bridging-Header.h */,
			);
			name = "Other Sources";
			path = AppKwonDo;
			sourceTree = "<group>";
		};
		29B97317FDCFA39411CA2CEA /* Resources */ = {
			isa = PBXGroup;
			children = (
				0207DA571B56EA530066E2B4 /* Images.xcassets */,
				3047A50E1AB8057F00498E2A /* config */,
				8D1107310486CEB800E47090 /* AppKwonDo-Info.plist */,
				6AFF5BF81D6E424B00AB3073 /* CDVLaunchScreen.storyboard */,
				593E8B06E39D4DCB93104FEB /* appbeep.wav */,
				54E4F3DEA9104E49B9F8405C /* CDVNotification.bundle */,
				33CF158D274E44EFB3CAB803 /* CDVCapture.bundle */,
			);
			name = Resources;
			path = AppKwonDo/Resources;
			sourceTree = "<group>";
		};
		29B97323FDCFA39411CA2CEA /* Frameworks */ = {
			isa = PBXGroup;
			children = (
				C48FCBE55A844F6BA9D93B4A /* libz.tbd */,
				F9056FA83B584ACFB2E5A130 /* ImageIO.framework */,
				F35566BAC9F64A40B7FB2A4C /* CoreLocation.framework */,
				D65606B422FD4A489E6BD3EA /* AVFoundation.framework */,
				EC623C6A4F2E4FBCA6078E90 /* AudioToolbox.framework */,
				E41FBDA4C80B44BD995EEB88 /* Social.framework */,
				CC14F0F2052846F7B1EA2226 /* MessageUI.framework */,
				D4D7940724834C42B6E6929D /* UserNotifications.framework */,
			);
			name = Frameworks;
			sourceTree = "<group>";
		};
		301BF52E109A57CC0062928A /* Products */ = {
			isa = PBXGroup;
			children = (
				301BF535109A57CC0062928A /* libCordova.a */,
				A766AD731FC4565900622A64 /* Cordova.framework */,
			);
			name = Products;
			sourceTree = "<group>";
		};
		3047A50E1AB8057F00498E2A /* config */ = {
			isa = PBXGroup;
			children = (
				3047A50F1AB8059700498E2A /* build-debug.xcconfig */,
				3047A5101AB8059700498E2A /* build-release.xcconfig */,
				3047A5111AB8059700498E2A /* build.xcconfig */,
			);
			name = config;
			sourceTree = "<group>";
		};
		307C750510C5A3420062BCA9 /* Plugins */ = {
			isa = PBXGroup;
			children = (
				3AE9A5B283EA4D07A5E4851E /* AppDelegate+APPAppEvent.m */,
				8854031845D846029F81BABF /* CDVPlugin+APPAppEvent.m */,
				D29CC2264FBB4B5288773187 /* AppDelegate+APPAppEvent.h */,
				01719A91D54E4B58BB97E6B1 /* CDVPlugin+APPAppEvent.h */,
				30B73C7E1CB34C7682A99EEF /* APPAppEventDelegate.h */,
				DFE420ECE9774EB29247A548 /* AudioRecorderAPI.m */,
				1CC2BC75B31D4289B77C026C /* AudioRecorderAPI.h */,
				3C1A40759E914CE58B146DCB /* CDVDevice.m */,
				2BB75F80F30A413BA8C8D15E /* CDVDevice.h */,
				31407DF9EBF54236B132B51D /* APPBackgroundMode.m */,
				16764C213FC94569B1F54EFF /* APPMethodMagic.m */,
				B916899293B44443911AC837 /* APPBackgroundMode.h */,
				031ABC29D09C482A8316D134 /* APPMethodMagic.h */,
				71C079C294E84678BD585D84 /* APPBadge.m */,
				9DF64CD177D5431EB185620E /* UIApplication+APPBadge.m */,
				8DFD3ACDA5034EECB9669EDB /* APPBadge.h */,
				AE2ABD2936C74C00B05B3C12 /* UIApplication+APPBadge.h */,
				1940F5F48F694DB2867B15D5 /* UIImage+CropScaleOrientation.m */,
				8F8C9096A87B4951AF307F97 /* CDVCamera.m */,
				F4890893FF6643C6BB371A95 /* CDVJpegHeaderWriter.m */,
				E538D9A366C2454184D96E65 /* UIImage+CropScaleOrientation.h */,
				436EDAAA92D94D9FB479EC1E /* CDVCamera.h */,
				6760B5FD222E44638FEDD973 /* CDVJpegHeaderWriter.h */,
				DE8EFCF95EC14286944DB4C5 /* CDVExif.h */,
				95221910D7C34976A9954AD6 /* CDVNotification.m */,
				93FE14FA72E849FD8E83238D /* CDVNotification.h */,
				6B60DDDDA0E5498C8E109F69 /* CDVFile.m */,
				010AF82FC2AE4735B1349922 /* CDVLocalFilesystem.m */,
				637D416E501A400ABC9E962A /* CDVAssetLibraryFilesystem.m */,
				CA32C444C9414F9D8D9A3D5E /* CDVFile.h */,
				5F8A62756FB5454BBFA68B5E /* CDVLocalFilesystem.h */,
				76A7FA8684044223826BA085 /* CDVAssetLibraryFilesystem.h */,
				5A6DC2AD1EF54870AB14DC2D /* CDVCapture.m */,
				87B26857044B47ABB9DD47E5 /* CDVCapture.h */,
				FD4236E6A410472695034310 /* CDVSplashScreen.m */,
				60661251583D4DA3BDC2E23F /* CDVViewController+SplashScreen.m */,
				CCD97EAA64F94223903FF0D3 /* CDVSplashScreen.h */,
				31AD2DAF754340E69C05060F /* CDVViewController+SplashScreen.h */,
				A99BD8775BE54B90AEB57213 /* CDVStatusBar.m */,
				D1472806DAD34ACC91DF3BEF /* CDVStatusBar.h */,
				B08E4BA483F44938926F9C45 /* CDVTTS.m */,
				B228E7D19B954334A5327E84 /* CDVTTS.h */,
				6BA3C8E4AB224FEDB4669EDA /* NSString+URLEncoding.m */,
				7636723BFB2441A5AA941B77 /* SocialSharing.m */,
				BA5FE881D01B479990CAB061 /* NSString+URLEncoding.h */,
				EAA890EBCF0044FBB1E0C707 /* SocialSharing.h */,
				66E8AE25E9B347AC8D8C1D3A /* APPLocalNotification.m */,
				00A4363F07B746D59CEC5715 /* APPLocalNotificationOptions.m */,
				07367F6C3D0F4BC691F68B44 /* UNUserNotificationCenter+APPLocalNotification.m */,
				84798B6B48D44D819AD71E67 /* UNMutableNotificationContent+APPLocalNotification.m */,
				474B76F32E024E3BA8DF87FE /* UNNotificationRequest+APPLocalNotification.m */,
				611920726F7B465480E4ED5E /* APPLocalNotificationOptions.ios9.m */,
				2CA5D8D2378443E2BC42B6FF /* UIApplication+APPLocalNotification.ios9.m */,
				9158AAFDD4554C9FB0BA3BEC /* UILocalNotification+APPLocalNotification.ios9.m */,
				E1D7E0284BC04FBFAD690460 /* APPLocalNotification.h */,
				BB6791FC8BD548D9B2C21BBB /* APPLocalNotificationOptions.h */,
				36CF405619134B4CB12958B9 /* UNUserNotificationCenter+APPLocalNotification.h */,
				176C472F73A54253862EB895 /* UNMutableNotificationContent+APPLocalNotification.h */,
				037F53371323440B855678DD /* UNNotificationRequest+APPLocalNotification.h */,
				526FA80E1E084A03B8B06BC5 /* APPLocalNotificationOptions.ios9.h */,
				6341636E437A42C88178C5A1 /* UIApplication+APPLocalNotification.ios9.h */,
				70A1C12490FF438787B66618 /* UILocalNotification+APPLocalNotification.ios9.h */,
				8435BD2F0529454A86BB825E /* Base64ImageSaverPlugin.m */,
				1676C575E5F44B83B3A47325 /* Base64ImageSaverPlugin.h */,
			);
			name = Plugins;
			path = AppKwonDo/Plugins;
			sourceTree = SOURCE_ROOT;
		};
		EB87FDF11871DA420020F90C /* Staging */ = {
			isa = PBXGroup;
			children = (
				F840E1F0165FE0F500CFE078 /* config.xml */,
				301BF56E109A69640062928A /* www */,
			);
			name = Staging;
			sourceTree = "<group>";
		};
/* End PBXGroup section */

/* Begin PBXNativeTarget section */
		1D6058900D05DD3D006BFB54 /* AppKwonDo */ = {
			isa = PBXNativeTarget;
			buildConfigurationList = 1D6058960D05DD3E006BFB54 /* Build configuration list for PBXNativeTarget "AppKwonDo" */;
			buildPhases = (
				304B58A110DAC018002A0835 /* Copy www directory */,
				1D60588D0D05DD3D006BFB54 /* Resources */,
				1D60588E0D05DD3D006BFB54 /* Sources */,
				1D60588F0D05DD3D006BFB54 /* Frameworks */,
			);
			buildRules = (
			);
			dependencies = (
				301BF551109A68C00062928A /* PBXTargetDependency */,
			);
			name = AppKwonDo;
			productName = AppKwonDo;
			productReference = 1D6058910D05DD3D006BFB54 /* AppKwonDo.app */;
			productType = "com.apple.product-type.application";
		};
/* End PBXNativeTarget section */

/* Begin PBXProject section */
		29B97313FDCFA39411CA2CEA /* Project object */ = {
			isa = PBXProject;
			attributes = {
				LastUpgradeCheck = 510;
				TargetAttributes = {
					1D6058900D05DD3D006BFB54 = {
						DevelopmentTeam = CRY76222M4;
					};
				};
			};
			buildConfigurationList = C01FCF4E08A954540054247B /* Build configuration list for PBXProject "AppKwonDo" */;
			compatibilityVersion = "Xcode 3.2";
			developmentRegion = English;
			hasScannedForEncodings = 1;
			knownRegions = (
				en,
			);
			mainGroup = 29B97314FDCFA39411CA2CEA /* CustomTemplate */;
			projectDirPath = "";
			projectReferences = (
				{
					ProductGroup = 301BF52E109A57CC0062928A /* Products */;
					ProjectRef = 301BF52D109A57CC0062928A /* CordovaLib/CordovaLib.xcodeproj */;
				},
			);
			projectRoot = "";
			targets = (
				1D6058900D05DD3D006BFB54 /* AppKwonDo */,
			);
		};
/* End PBXProject section */

/* Begin PBXReferenceProxy section */
		301BF535109A57CC0062928A /* libCordova.a */ = {
			isa = PBXReferenceProxy;
			fileType = archive.ar;
			path = libCordova.a;
			remoteRef = 301BF534109A57CC0062928A /* PBXContainerItemProxy */;
			sourceTree = BUILT_PRODUCTS_DIR;
		};
		A766AD731FC4565900622A64 /* Cordova.framework */ = {
			isa = PBXReferenceProxy;
			fileType = wrapper.framework;
			path = Cordova.framework;
			remoteRef = A766AD721FC4565900622A64 /* PBXContainerItemProxy */;
			sourceTree = BUILT_PRODUCTS_DIR;
		};
/* End PBXReferenceProxy section */

/* Begin PBXResourcesBuildPhase section */
		1D60588D0D05DD3D006BFB54 /* Resources */ = {
			isa = PBXResourcesBuildPhase;
			buildActionMask = 2147483647;
			files = (
				302D95F214D2391D003F00A1 /* MainViewController.xib in Resources */,
				0207DA581B56EA530066E2B4 /* Images.xcassets in Resources */,
				6AFF5BF91D6E424B00AB3073 /* CDVLaunchScreen.storyboard in Resources */,
				191E6E48D0BC4FC99126B112 /* appbeep.wav in Resources */,
				5DDB6602EB1F4605BE7546B8 /* CDVNotification.bundle in Resources */,
				7593B6248ACA478CBC1930DB /* CDVCapture.bundle in Resources */,
			);
			runOnlyForDeploymentPostprocessing = 0;
		};
/* End PBXResourcesBuildPhase section */

/* Begin PBXShellScriptBuildPhase section */
		304B58A110DAC018002A0835 /* Copy www directory */ = {
			isa = PBXShellScriptBuildPhase;
			buildActionMask = 2147483647;
			files = (
			);
			inputPaths = (
			);
			name = "Copy www directory";
			outputPaths = (
			);
			runOnlyForDeploymentPostprocessing = 0;
			shellPath = /bin/sh;
			shellScript = "NODEJS_PATH=/usr/local/bin; NVM_NODE_PATH=~/.nvm/versions/node/`nvm version 2>/dev/null`/bin; N_NODE_PATH=`find /usr/local/n/versions/node/* -maxdepth 0 -type d 2>/dev/null | tail -1`/bin; XCODE_NODE_PATH=`xcode-select --print-path`/usr/share/xcs/Node/bin; PATH=$NODEJS_PATH:$NVM_NODE_PATH:$N_NODE_PATH:$XCODE_NODE_PATH:$PATH && node cordova/lib/copy-www-build-step.js";
			showEnvVarsInLog = 0;
		};
/* End PBXShellScriptBuildPhase section */

/* Begin PBXSourcesBuildPhase section */
		1D60588E0D05DD3D006BFB54 /* Sources */ = {
			isa = PBXSourcesBuildPhase;
			buildActionMask = 2147483647;
			files = (
				1D60589B0D05DD56006BFB54 /* main.m in Sources */,
				1D3623260D0F684500981E51 /* AppDelegate.m in Sources */,
				302D95F114D2391D003F00A1 /* MainViewController.m in Sources */,
				C4DD4CD4F2514966BDE98733 /* AppDelegate+APPAppEvent.m in Sources */,
				28C43BD0F9A5403C8017BBD3 /* CDVPlugin+APPAppEvent.m in Sources */,
				A738A981161C4922A1ACC3C4 /* AudioRecorderAPI.m in Sources */,
				FDA0F62C2B1C4622BFF22CCF /* CDVDevice.m in Sources */,
				5584AF0DF70044E5861A81EA /* APPBackgroundMode.m in Sources */,
				68D2C4770A4E424DAFCFC6F6 /* APPMethodMagic.m in Sources */,
				2EBD7679627C4AC48F2A5F74 /* APPBadge.m in Sources */,
				8F819185E34A410D9057B164 /* UIApplication+APPBadge.m in Sources */,
				1CB6241656554A3E930053F5 /* UIImage+CropScaleOrientation.m in Sources */,
				686BEE72697F47E0A5B49915 /* CDVCamera.m in Sources */,
				4CC2EB42904F4E19A6CD1EA2 /* CDVJpegHeaderWriter.m in Sources */,
				F5B2E22712764EE18236CABB /* CDVNotification.m in Sources */,
				53122D899D9F4C9D9C894216 /* CDVFile.m in Sources */,
				E0F8646BDE784D73A6C0197F /* CDVLocalFilesystem.m in Sources */,
				CA85D56F15F34AB0B0C68CD9 /* CDVAssetLibraryFilesystem.m in Sources */,
				CDA3ED00A539443BBFF3F00B /* CDVCapture.m in Sources */,
				C7002C978F044053AF0D5D69 /* CDVSplashScreen.m in Sources */,
				DB840173087C423EA61C395C /* CDVViewController+SplashScreen.m in Sources */,
				AE0E8CA9EBD0492CA40A9113 /* CDVStatusBar.m in Sources */,
				8A2ADBD9907E485CB40A95F3 /* CDVTTS.m in Sources */,
				6C21B779FFE6406C9B544293 /* NSString+URLEncoding.m in Sources */,
				FDAC0A146B9D4E6291AF7DA2 /* SocialSharing.m in Sources */,
				5DA2F86980124CA4BB741209 /* APPLocalNotification.m in Sources */,
				BCBFF4294FD94C079D324191 /* APPLocalNotificationOptions.m in Sources */,
				2C61E8C4179748D288B68CE0 /* UNUserNotificationCenter+APPLocalNotification.m in Sources */,
				71B2846DBA9F440EBD724469 /* UNMutableNotificationContent+APPLocalNotification.m in Sources */,
				FF63B80A4D384E408271A203 /* UNNotificationRequest+APPLocalNotification.m in Sources */,
				1F49CC07AD2243DBA0BB7843 /* APPLocalNotificationOptions.ios9.m in Sources */,
				C15A00EE6202468F8063EA10 /* UIApplication+APPLocalNotification.ios9.m in Sources */,
				50086C5B64C64CA89D773925 /* UILocalNotification+APPLocalNotification.ios9.m in Sources */,
				9232280C0F8A4F70AF676CD7 /* Base64ImageSaverPlugin.m in Sources */,
			);
			runOnlyForDeploymentPostprocessing = 0;
		};
/* End PBXSourcesBuildPhase section */

/* Begin PBXTargetDependency section */
		301BF551109A68C00062928A /* PBXTargetDependency */ = {
			isa = PBXTargetDependency;
			name = CordovaLib;
			targetProxy = 301BF550109A68C00062928A /* PBXContainerItemProxy */;
		};
/* End PBXTargetDependency section */

/* Begin XCBuildConfiguration section */
		1D6058940D05DD3E006BFB54 /* Debug */ = {
			isa = XCBuildConfiguration;
			baseConfigurationReference = 3047A50F1AB8059700498E2A /* build-debug.xcconfig */;
			buildSettings = {
				ALWAYS_SEARCH_USER_PATHS = NO;
				ASSETCATALOG_COMPILER_APPICON_NAME = AppIcon;
				ASSETCATALOG_COMPILER_LAUNCHIMAGE_NAME = LaunchImage;
				CLANG_ENABLE_MODULES = YES;
				CLANG_ENABLE_OBJC_ARC = YES;
				COPY_PHASE_STRIP = NO;
				DEVELOPMENT_TEAM = CRY76222M4;
				GCC_DYNAMIC_NO_PIC = NO;
				GCC_OPTIMIZATION_LEVEL = 0;
				GCC_PRECOMPILE_PREFIX_HEADER = YES;
				GCC_PREFIX_HEADER = "AppKwonDo/AppKwonDo-Prefix.pch";
				GCC_THUMB_SUPPORT = NO;
				GCC_VERSION = "";
				INFOPLIST_FILE = "AppKwonDo/AppKwonDo-Info.plist";
				IPHONEOS_DEPLOYMENT_TARGET = 9.0;
				LD_RUNPATH_SEARCH_PATHS = "@executable_path/Frameworks";
				PRODUCT_BUNDLE_IDENTIFIER = com.tkdr.appkwondox;
				PRODUCT_NAME = AppKwonDo;
				TARGETED_DEVICE_FAMILY = "1,2";
			};
			name = Debug;
		};
		1D6058950D05DD3E006BFB54 /* Release */ = {
			isa = XCBuildConfiguration;
			baseConfigurationReference = 3047A5101AB8059700498E2A /* build-release.xcconfig */;
			buildSettings = {
				ALWAYS_SEARCH_USER_PATHS = NO;
				ASSETCATALOG_COMPILER_APPICON_NAME = AppIcon;
				ASSETCATALOG_COMPILER_LAUNCHIMAGE_NAME = LaunchImage;
				CLANG_ENABLE_MODULES = YES;
				CLANG_ENABLE_OBJC_ARC = YES;
				COPY_PHASE_STRIP = YES;
				DEVELOPMENT_TEAM = CRY76222M4;
				GCC_PRECOMPILE_PREFIX_HEADER = YES;
				GCC_PREFIX_HEADER = "AppKwonDo/AppKwonDo-Prefix.pch";
				GCC_THUMB_SUPPORT = NO;
				GCC_VERSION = "";
				INFOPLIST_FILE = "AppKwonDo/AppKwonDo-Info.plist";
				IPHONEOS_DEPLOYMENT_TARGET = 9.0;
				LD_RUNPATH_SEARCH_PATHS = "@executable_path/Frameworks";
				PRODUCT_BUNDLE_IDENTIFIER = com.tkdr.appkwondox;
				PRODUCT_NAME = AppKwonDo;
				TARGETED_DEVICE_FAMILY = "1,2";
			};
			name = Release;
		};
		C01FCF4F08A954540054247B /* Debug */ = {
			isa = XCBuildConfiguration;
			baseConfigurationReference = 3047A5111AB8059700498E2A /* build.xcconfig */;
			buildSettings = {
				CLANG_ENABLE_MODULES = YES;
				CLANG_ENABLE_OBJC_ARC = YES;
				CLANG_WARN_BOOL_CONVERSION = YES;
				CLANG_WARN_CONSTANT_CONVERSION = YES;
				CLANG_WARN_EMPTY_BODY = YES;
				CLANG_WARN_ENUM_CONVERSION = YES;
				CLANG_WARN_INT_CONVERSION = YES;
				CLANG_WARN__DUPLICATE_METHOD_MATCH = YES;
				GCC_C_LANGUAGE_STANDARD = c99;
				GCC_THUMB_SUPPORT = NO;
				GCC_VERSION = "";
				GCC_WARN_ABOUT_RETURN_TYPE = YES;
				GCC_WARN_UNDECLARED_SELECTOR = YES;
				GCC_WARN_UNINITIALIZED_AUTOS = YES;
				GCC_WARN_UNUSED_FUNCTION = YES;
				GCC_WARN_UNUSED_VARIABLE = YES;
				ONLY_ACTIVE_ARCH = YES;
				SDKROOT = iphoneos;
				SKIP_INSTALL = NO;
			};
			name = Debug;
		};
		C01FCF5008A954540054247B /* Release */ = {
			isa = XCBuildConfiguration;
			baseConfigurationReference = 3047A5111AB8059700498E2A /* build.xcconfig */;
			buildSettings = {
				CLANG_ENABLE_MODULES = YES;
				CLANG_ENABLE_OBJC_ARC = YES;
				CLANG_WARN_BOOL_CONVERSION = YES;
				CLANG_WARN_CONSTANT_CONVERSION = YES;
				CLANG_WARN_EMPTY_BODY = YES;
				CLANG_WARN_ENUM_CONVERSION = YES;
				CLANG_WARN_INT_CONVERSION = YES;
				CLANG_WARN__DUPLICATE_METHOD_MATCH = YES;
				GCC_C_LANGUAGE_STANDARD = c99;
				GCC_THUMB_SUPPORT = NO;
				GCC_VERSION = "";
				GCC_WARN_ABOUT_RETURN_TYPE = YES;
				GCC_WARN_UNDECLARED_SELECTOR = YES;
				GCC_WARN_UNINITIALIZED_AUTOS = YES;
				GCC_WARN_UNUSED_FUNCTION = YES;
				GCC_WARN_UNUSED_VARIABLE = YES;
				SDKROOT = iphoneos;
				SKIP_INSTALL = NO;
			};
			name = Release;
		};
/* End XCBuildConfiguration section */

/* Begin XCConfigurationList section */
		1D6058960D05DD3E006BFB54 /* Build configuration list for PBXNativeTarget "AppKwonDo" */ = {
			isa = XCConfigurationList;
			buildConfigurations = (
				1D6058940D05DD3E006BFB54 /* Debug */,
				1D6058950D05DD3E006BFB54 /* Release */,
			);
			defaultConfigurationIsVisible = 0;
			defaultConfigurationName = Release;
		};
		C01FCF4E08A954540054247B /* Build configuration list for PBXProject "AppKwonDo" */ = {
			isa = XCConfigurationList;
			buildConfigurations = (
				C01FCF4F08A954540054247B /* Debug */,
				C01FCF5008A954540054247B /* Release */,
			);
			defaultConfigurationIsVisible = 0;
			defaultConfigurationName = Release;
		};
/* End XCConfigurationList section */
	};
	rootObject = 29B97313FDCFA39411CA2CEA /* Project object */;
}
